
Microsoft Visual Studio Solution File, Format Version 10.00
# Visual Studio 2008
Project("{FAE04EC0-301F-11D3-BF4B-00C04F79EFBC}") = "dotTemplate.SDK.Sample", "dotTemplate.SDK.Sample.csproj", "{4134F002-2AA7-4379-804E-0E7ED6A8A954}"
EndProject
Project("{FAE04EC0-301F-11D3-BF4B-00C04F79EFBC}") = "dotTemplate.SDK", "..\SDK\dotTemplate.SDK.csproj", "{59EBA250-F521-4335-ADBF-D33EA7E5424B}"
EndProject
Global
	GlobalSection(SolutionConfigurationPlatforms) = preSolution
		Debug|Any CPU = Debug|Any CPU
		Release|Any CPU = Release|Any CPU
	EndGlobalSection
	GlobalSection(ProjectConfigurationPlatforms) = postSolution
		{4134F002-2AA7-4379-804E-0E7ED6A8A954}.Debug|Any CPU.ActiveCfg = Debug|Any CPU
		{4134F002-2AA7-4379-804E-0E7ED6A8A954}.Debug|Any CPU.Build.0 = Debug|Any CPU
		{4134F002-2AA7-4379-804E-0E7ED6A8A954}.Release|Any CPU.ActiveCfg = Release|Any CPU
		{4134F002-2AA7-4379-804E-0E7ED6A8A954}.Release|Any CPU.Build.0 = Release|Any CPU
		{59EBA250-F521-4335-ADBF-D33EA7E5424B}.Debug|Any CPU.ActiveCfg = Debug|Any CPU
		{59EBA250-F521-4335-ADBF-D33EA7E5424B}.Debug|Any CPU.Build.0 = Debug|Any CPU
		{59EBA250-F521-4335-ADBF-D33EA7E5424B}.Release|Any CPU.ActiveCfg = Release|Any CPU
		{59EBA250-F521-4335-ADBF-D33EA7E5424B}.Release|Any CPU.Build.0 = Release|Any CPU
	EndGlobalSection
	GlobalSection(SolutionProperties) = preSolution
		HideSolutionNode = FALSE
	EndGlobalSection
EndGlobal
